// !$*UTF8*$!
{
	archiveVersion = 1;
	classes = {
	};
	objectVersion = 46;
	objects = {

/* Begin PBXBuildFile section */
		F681A9CA1B2769BC0053127A /* main.m in Sources */ = {isa = PBXBuildFile; fileRef = F681A9C91B2769BC0053127A /* main.m */; };
		F681A9CD1B2769BC0053127A /* AppDelegate.m in Sources */ = {isa = PBXBuildFile; fileRef = F681A9CC1B2769BC0053127A /* AppDelegate.m */; };
		F681A9D31B2769BC0053127A /* DetailViewController.m in Sources */ = {isa = PBXBuildFile; fileRef = F681A9D21B2769BC0053127A /* DetailViewController.m */; };
		F681A9D61B2769BC0053127A /* Main.storyboard in Resources */ = {isa = PBXBuildFile; fileRef = F681A9D41B2769BC0053127A /* Main.storyboard */; };
		F681A9D81B2769BC0053127A /* Images.xcassets in Resources */ = {isa = PBXBuildFile; fileRef = F681A9D71B2769BC0053127A /* Images.xcassets */; };
		F681A9DB1B2769BC0053127A /* LaunchScreen.xib in Resources */ = {isa = PBXBuildFile; fileRef = F681A9D91B2769BC0053127A /* LaunchScreen.xib */; };
		F681A9E71B2769BC0053127A /* StretchMyHeaderTests.m in Sources */ = {isa = PBXBuildFile; fileRef = F681A9E61B2769BC0053127A /* StretchMyHeaderTests.m */; };
		F681A9F21B2769E20053127A /* PreviewCell.m in Sources */ = {isa = PBXBuildFile; fileRef = F681A9F11B2769E20053127A /* PreviewCell.m */; };
		F681A9F41B2774E40053127A /* MasterViewController.m in Sources */ = {isa = PBXBuildFile; fileRef = F681A9F31B2774E40053127A /* MasterViewController.m */; };
		F681A9F71B2787C50053127A /* NewsItem.m in Sources */ = {isa = PBXBuildFile; fileRef = F681A9F61B2787C50053127A /* NewsItem.m */; };
		F681AA2D1B28C1B50053127A /* README.md in Sources */ = {isa = PBXBuildFile; fileRef = F681AA2C1B28C1B50053127A /* README.md */; };
/* End PBXBuildFile section */

/* Begin PBXContainerItemProxy section */
		F681A9E11B2769BC0053127A /* PBXContainerItemProxy */ = {
			isa = PBXContainerItemProxy;
			containerPortal = F681A9BC1B2769BB0053127A /* Project object */;
			proxyType = 1;
			remoteGlobalIDString = F681A9C31B2769BC0053127A;
			remoteInfo = StretchMyHeader;
		};
/* End PBXContainerItemProxy section */

/* Begin PBXFileReference section */
		F681A9C41B2769BC0053127A /* StretchMyHeader.app */ = {isa = PBXFileReference; explicitFileType = wrapper.application; includeInIndex = 0; path = StretchMyHeader.app; sourceTree = BUILT_PRODUCTS_DIR; };
		F681A9C81B2769BC0053127A /* Info.plist */ = {isa = PBXFileReference; lastKnownFileType = text.plist.xml; path = Info.plist; sourceTree = "<group>"; };
		F681A9C91B2769BC0053127A /* main.m */ = {isa = PBXFileReference; lastKnownFileType = sourcecode.c.objc; path = main.m; sourceTree = "<group>"; };
		F681A9CB1B2769BC0053127A /* AppDelegate.h */ = {isa = PBXFileReference; lastKnownFileType = sourcecode.c.h; path = AppDelegate.h; sourceTree = "<group>"; };
		F681A9CC1B2769BC0053127A /* AppDelegate.m */ = {isa = PBXFileReference; lastKnownFileType = sourcecode.c.objc; path = AppDelegate.m; sourceTree = "<group>"; };
		F681A9CE1B2769BC0053127A /* MasterViewController.h */ = {isa = PBXFileReference; lastKnownFileType = sourcecode.c.h; path = MasterViewController.h; sourceTree = "<group>"; };
		F681A9D11B2769BC0053127A /* DetailViewController.h */ = {isa = PBXFileReference; lastKnownFileType = sourcecode.c.h; path = DetailViewController.h; sourceTree = "<group>"; };
		F681A9D21B2769BC0053127A /* DetailViewController.m */ = {isa = PBXFileReference; lastKnownFileType = sourcecode.c.objc; path = DetailViewController.m; sourceTree = "<group>"; };
		F681A9D51B2769BC0053127A /* Base */ = {isa = PBXFileReference; lastKnownFileType = file.storyboard; name = Base; path = Base.lproj/Main.storyboard; sourceTree = "<group>"; };
		F681A9D71B2769BC0053127A /* Images.xcassets */ = {isa = PBXFileReference; lastKnownFileType = folder.assetcatalog; path = Images.xcassets; sourceTree = "<group>"; };
		F681A9DA1B2769BC0053127A /* Base */ = {isa = PBXFileReference; lastKnownFileType = file.xib; name = Base; path = Base.lproj/LaunchScreen.xib; sourceTree = "<group>"; };
		F681A9E01B2769BC0053127A /* StretchMyHeaderTests.xctest */ = {isa = PBXFileReference; explicitFileType = wrapper.cfbundle; includeInIndex = 0; path = StretchMyHeaderTests.xctest; sourceTree = BUILT_PRODUCTS_DIR; };
		F681A9E51B2769BC0053127A /* Info.plist */ = {isa = PBXFileReference; lastKnownFileType = text.plist.xml; path = Info.plist; sourceTree = "<group>"; };
		F681A9E61B2769BC0053127A /* StretchMyHeaderTests.m */ = {isa = PBXFileReference; lastKnownFileType = sourcecode.c.objc; path = StretchMyHeaderTests.m; sourceTree = "<group>"; };
		F681A9F01B2769E20053127A /* PreviewCell.h */ = {isa = PBXFileReference; fileEncoding = 4; lastKnownFileType = sourcecode.c.h; path = PreviewCell.h; sourceTree = "<group>"; };
		F681A9F11B2769E20053127A /* PreviewCell.m */ = {isa = PBXFileReference; fileEncoding = 4; lastKnownFileType = sourcecode.c.objc; path = PreviewCell.m; sourceTree = "<group>"; };
		F681A9F31B2774E40053127A /* MasterViewController.m */ = {isa = PBXFileReference; fileEncoding = 4; lastKnownFileType = sourcecode.c.objc; path = MasterViewController.m; sourceTree = "<group>"; };
		F681A9F51B2787C50053127A /* NewsItem.h */ = {isa = PBXFileReference; fileEncoding = 4; lastKnownFileType = sourcecode.c.h; path = NewsItem.h; sourceTree = "<group>"; };
		F681A9F61B2787C50053127A /* NewsItem.m */ = {isa = PBXFileReference; fileEncoding = 4; lastKnownFileType = sourcecode.c.objc; path = NewsItem.m; sourceTree = "<group>"; };
		F681AA2C1B28C1B50053127A /* README.md */ = {isa = PBXFileReference; fileEncoding = 4; lastKnownFileType = net.daringfireball.markdown; path = README.md; sourceTree = "<group>"; };
/* End PBXFileReference section */

/* Begin PBXFrameworksBuildPhase section */
		F681A9C11B2769BC0053127A /* Frameworks */ = {
			isa = PBXFrameworksBuildPhase;
			buildActionMask = 2147483647;
			files = (
			);
			runOnlyForDeploymentPostprocessing = 0;
		};
		F681A9DD1B2769BC0053127A /* Frameworks */ = {
			isa = PBXFrameworksBuildPhase;
			buildActionMask = 2147483647;
			files = (
			);
			runOnlyForDeploymentPostprocessing = 0;
		};
/* End PBXFrameworksBuildPhase section */

/* Begin PBXGroup section */
		F681A9BB1B2769BB0053127A = {
			isa = PBXGroup;
			children = (
				F681A9C61B2769BC0053127A /* StretchMyHeader */,
				F681A9E31B2769BC0053127A /* StretchMyHeaderTests */,
				F681A9C51B2769BC0053127A /* Products */,
			);
			sourceTree = "<group>";
		};
		F681A9C51B2769BC0053127A /* Products */ = {
			isa = PBXGroup;
			children = (
				F681A9C41B2769BC0053127A /* StretchMyHeader.app */,
				F681A9E01B2769BC0053127A /* StretchMyHeaderTests.xctest */,
			);
			name = Products;
			sourceTree = "<group>";
		};
		F681A9C61B2769BC0053127A /* StretchMyHeader */ = {
			isa = PBXGroup;
			children = (
				F681A9CB1B2769BC0053127A /* AppDelegate.h */,
				F681A9CC1B2769BC0053127A /* AppDelegate.m */,
				F681A9CE1B2769BC0053127A /* MasterViewController.h */,
				F681A9F31B2774E40053127A /* MasterViewController.m */,
				F681A9F51B2787C50053127A /* NewsItem.h */,
				F681A9F61B2787C50053127A /* NewsItem.m */,
				F681A9F01B2769E20053127A /* PreviewCell.h */,
				F681A9F11B2769E20053127A /* PreviewCell.m */,
				F681A9D11B2769BC0053127A /* DetailViewController.h */,
				F681A9D21B2769BC0053127A /* DetailViewController.m */,
				F681A9D41B2769BC0053127A /* Main.storyboard */,
				F681A9D71B2769BC0053127A /* Images.xcassets */,
				F681A9D91B2769BC0053127A /* LaunchScreen.xib */,
				F681A9C71B2769BC0053127A /* Supporting Files */,
			);
			path = StretchMyHeader;
			sourceTree = "<group>";
		};
		F681A9C71B2769BC0053127A /* Supporting Files */ = {
			isa = PBXGroup;
			children = (
				F681AA2C1B28C1B50053127A /* README.md */,
				F681A9C81B2769BC0053127A /* Info.plist */,
				F681A9C91B2769BC0053127A /* main.m */,
			);
			name = "Supporting Files";
			sourceTree = "<group>";
		};
		F681A9E31B2769BC0053127A /* StretchMyHeaderTests */ = {
			isa = PBXGroup;
			children = (
				F681A9E61B2769BC0053127A /* StretchMyHeaderTests.m */,
				F681A9E41B2769BC0053127A /* Supporting Files */,
			);
			path = StretchMyHeaderTests;
			sourceTree = "<group>";
		};
		F681A9E41B2769BC0053127A /* Supporting Files */ = {
			isa = PBXGroup;
			children = (
				F681A9E51B2769BC0053127A /* Info.plist */,
			);
			name = "Supporting Files";
			sourceTree = "<group>";
		};
/* End PBXGroup section */

/* Begin PBXNativeTarget section */
		F681A9C31B2769BC0053127A /* StretchMyHeader */ = {
			isa = PBXNativeTarget;
			buildConfigurationList = F681A9EA1B2769BC0053127A /* Build configuration list for PBXNativeTarget "StretchMyHeader" */;
			buildPhases = (
				F681A9C01B2769BC0053127A /* Sources */,
				F681A9C11B2769BC0053127A /* Frameworks */,
				F681A9C21B2769BC0053127A /* Resources */,
			);
			buildRules = (
			);
			dependencies = (
			);
			name = StretchMyHeader;
			productName = StretchMyHeader;
			productReference = F681A9C41B2769BC0053127A /* StretchMyHeader.app */;
			productType = "com.apple.product-type.application";
		};
		F681A9DF1B2769BC0053127A /* StretchMyHeaderTests */ = {
			isa = PBXNativeTarget;
			buildConfigurationList = F681A9ED1B2769BC0053127A /* Build configuration list for PBXNativeTarget "StretchMyHeaderTests" */;
			buildPhases = (
				F681A9DC1B2769BC0053127A /* Sources */,
				F681A9DD1B2769BC0053127A /* Frameworks */,
				F681A9DE1B2769BC0053127A /* Resources */,
			);
			buildRules = (
			);
			dependencies = (
				F681A9E21B2769BC0053127A /* PBXTargetDependency */,
			);
			name = StretchMyHeaderTests;
			productName = StretchMyHeaderTests;
			productReference = F681A9E01B2769BC0053127A /* StretchMyHeaderTests.xctest */;
			productType = "com.apple.product-type.bundle.unit-test";
		};
/* End PBXNativeTarget section */

/* Begin PBXProject section */
		F681A9BC1B2769BB0053127A /* Project object */ = {
			isa = PBXProject;
			attributes = {
				LastUpgradeCheck = 0630;
				ORGANIZATIONNAME = "Abegael Jackson";
				TargetAttributes = {
					F681A9C31B2769BC0053127A = {
						CreatedOnToolsVersion = 6.3.2;
					};
					F681A9DF1B2769BC0053127A = {
						CreatedOnToolsVersion = 6.3.2;
						TestTargetID = F681A9C31B2769BC0053127A;
					};
				};
			};
			buildConfigurationList = F681A9BF1B2769BB0053127A /* Build configuration list for PBXProject "StretchMyHeader" */;
			compatibilityVersion = "Xcode 3.2";
			developmentRegion = English;
			hasScannedForEncodings = 0;
			knownRegions = (
				en,
				Base,
			);
			mainGroup = F681A9BB1B2769BB0053127A;
			productRefGroup = F681A9C51B2769BC0053127A /* Products */;
			projectDirPath = "";
			projectRoot = "";
			targets = (
				F681A9C31B2769BC0053127A /* StretchMyHeader */,
				F681A9DF1B2769BC0053127A /* StretchMyHeaderTests */,
			);
		};
/* End PBXProject section */

/* Begin PBXResourcesBuildPhase section */
		F681A9C21B2769BC0053127A /* Resources */ = {
			isa = PBXResourcesBuildPhase;
			buildActionMask = 2147483647;
			files = (
				F681A9D61B2769BC0053127A /* Main.storyboard in Resources */,
				F681A9DB1B2769BC0053127A /* LaunchScreen.xib in Resources */,
				F681A9D81B2769BC0053127A /* Images.xcassets in Resources */,
			);
			runOnlyForDeploymentPostprocessing = 0;
		};
		F681A9DE1B2769BC0053127A /* Resources */ = {
			isa = PBXResourcesBuildPhase;
			buildActionMask = 2147483647;
			files = (
			);
			runOnlyForDeploymentPostprocessing = 0;
		};
/* End PBXResourcesBuildPhase section */

/* Begin PBXSourcesBuildPhase section */
		F681A9C01B2769BC0053127A /* Sources */ = {
			isa = PBXSourcesBuildPhase;
			buildActionMask = 2147483647;
			files = (
				F681A9F21B2769E20053127A /* PreviewCell.m in Sources */,
				F681A9CD1B2769BC0053127A /* AppDelegate.m in Sources */,
				F681A9F41B2774E40053127A /* MasterViewController.m in Sources */,
				F681AA2D1B28C1B50053127A /* README.md in Sources */,
				F681A9F71B2787C50053127A /* NewsItem.m in Sources */,
				F681A9CA1B2769BC0053127A /* main.m in Sources */,
				F681A9D31B2769BC0053127A /* DetailViewController.m in Sources */,
			);
			runOnlyForDeploymentPostprocessing = 0;
		};
		F681A9DC1B2769BC0053127A /* Sources */ = {
			isa = PBXSourcesBuildPhase;
			buildActionMask = 2147483647;
			files = (
				F681A9E71B2769BC0053127A /* StretchMyHeaderTests.m in Sources */,
			);
			runOnlyForDeploymentPostprocessing = 0;
		};
/* End PBXSourcesBuildPhase section */

/* Begin PBXTargetDependency section */
		F681A9E21B2769BC0053127A /* PBXTargetDependency */ = {
			isa = PBXTargetDependency;
			target = F681A9C31B2769BC0053127A /* StretchMyHeader */;
			targetProxy = F681A9E11B2769BC0053127A /* PBXContainerItemProxy */;
		};
/* End PBXTargetDependency section */

/* Begin PBXVariantGroup section */
		F681A9D41B2769BC0053127A /* Main.storyboard */ = {
			isa = PBXVariantGroup;
			children = (
				F681A9D51B2769BC0053127A /* Base */,
			);
			name = Main.storyboard;
			sourceTree = "<group>";
		};
		F681A9D91B2769BC0053127A /* LaunchScreen.xib */ = {
			isa = PBXVariantGroup;
			children = (
				F681A9DA1B2769BC0053127A /* Base */,
			);
			name = LaunchScreen.xib;
			sourceTree = "<group>";
		};
/* End PBXVariantGroup section */

/* Begin XCBuildConfiguration section */
		F681A9E81B2769BC0053127A /* Debug */ = {
			isa = XCBuildConfiguration;
			buildSettings = {
				ALWAYS_SEARCH_USER_PATHS = NO;
				CLANG_CXX_LANGUAGE_STANDARD = "gnu++0x";
				CLANG_CXX_LIBRARY = "libc++";
				CLANG_ENABLE_MODULES = YES;
				CLANG_ENABLE_OBJC_ARC = YES;
				CLANG_WARN_BOOL_CONVERSION = YES;
				CLANG_WARN_CONSTANT_CONVERSION = YES;
				CLANG_WARN_DIRECT_OBJC_ISA_USAGE = YES_ERROR;
				CLANG_WARN_EMPTY_BODY = YES;
				CLANG_WARN_ENUM_CONVERSION = YES;
				CLANG_WARN_INT_CONVERSION = YES;
				CLANG_WARN_OBJC_ROOT_CLASS = YES_ERROR;
				CLANG_WARN_UNREACHABLE_CODE = YES;
				CLANG_WARN__DUPLICATE_METHOD_MATCH = YES;
				"CODE_SIGN_IDENTITY[sdk=iphoneos*]" = "iPhone Developer";
				COPY_PHASE_STRIP = NO;
				DEBUG_INFORMATION_FORMAT = "dwarf-with-dsym";
				ENABLE_STRICT_OBJC_MSGSEND = YES;
				GCC_C_LANGUAGE_STANDARD = gnu99;
				GCC_DYNAMIC_NO_PIC = NO;
				GCC_NO_COMMON_BLOCKS = YES;
				GCC_OPTIMIZATION_LEVEL = 0;
				GCC_PREPROCESSOR_DEFINITIONS = (
					"DEBUG=1",
					"$(inherited)",
				);
				GCC_SYMBOLS_PRIVATE_EXTERN = NO;
				GCC_WARN_64_TO_32_BIT_CONVERSION = YES;
				GCC_WARN_ABOUT_RETURN_TYPE = YES_ERROR;
				GCC_WARN_UNDECLARED_SELECTOR = YES;
				GCC_WARN_UNINITIALIZED_AUTOS = YES_AGGRESSIVE;
				GCC_WARN_UNUSED_FUNCTION = YES;
				GCC_WARN_UNUSED_VARIABLE = YES;
				IPHONEOS_DEPLOYMENT_TARGET = 8.3;
				MTL_ENABLE_DEBUG_INFO = YES;
				ONLY_ACTIVE_ARCH = YES;
				SDKROOT = iphoneos;
			};
			name = Debug;
		};
		F681A9E91B2769BC0053127A /* Release */ = {
			isa = XCBuildConfiguration;
			buildSettings = {
				ALWAYS_SEARCH_USER_PATHS = NO;
				CLANG_CXX_LANGUAGE_STANDARD = "gnu++0x";
				CLANG_CXX_LIBRARY = "libc++";
				CLANG_ENABLE_MODULES = YES;
				CLANG_ENABLE_OBJC_ARC = YES;
				CLANG_WARN_BOOL_CONVERSION = YES;
				CLANG_WARN_CONSTANT_CONVERSION = YES;
				CLANG_WARN_DIRECT_OBJC_ISA_USAGE = YES_ERROR;
				CLANG_WARN_EMPTY_BODY = YES;
				CLANG_WARN_ENUM_CONVERSION = YES;
				CLANG_WARN_INT_CONVERSION = YES;
				CLANG_WARN_OBJC_ROOT_CLASS = YES_ERROR;
				CLANG_WARN_UNREACHABLE_CODE = YES;
				CLANG_WARN__DUPLICATE_METHOD_MATCH = YES;
				"CODE_SIGN_IDENTITY[sdk=iphoneos*]" = "iPhone Developer";
				COPY_PHASE_STRIP = NO;
				DEBUG_INFORMATION_FORMAT = "dwarf-with-dsym";
				ENABLE_NS_ASSERTIONS = NO;
				ENABLE_STRICT_OBJC_MSGSEND = YES;
				GCC_C_LANGUAGE_STANDARD = gnu99;
				GCC_NO_COMMON_BLOCKS = YES;
				GCC_WARN_64_TO_32_BIT_CONVERSION = YES;
				GCC_WARN_ABOUT_RETURN_TYPE = YES_ERROR;
				GCC_WARN_UNDECLARED_SELECTOR = YES;
				GCC_WARN_UNINITIALIZED_AUTOS = YES_AGGRESSIVE;
				GCC_WARN_UNUSED_FUNCTION = YES;
				GCC_WARN_UNUSED_VARIABLE = YES;
				IPHONEOS_DEPLOYMENT_TARGET = 8.3;
				MTL_ENABLE_DEBUG_INFO = NO;
				SDKROOT = iphoneos;
				VALIDATE_PRODUCT = YES;
			};
			name = Release;
		};
		F681A9EB1B2769BC0053127A /* Debug */ = {
			isa = XCBuildConfiguration;
			buildSettings = {
				ASSETCATALOG_COMPILER_APPICON_NAME = AppIcon;
				INFOPLIST_FILE = StretchMyHeader/Info.plist;
				LD_RUNPATH_SEARCH_PATHS = "$(inherited) @executable_path/Frameworks";
				PRODUCT_NAME = "$(TARGET_NAME)";
			};
			name = Debug;
		};
		F681A9EC1B2769BC0053127A /* Release */ = {
			isa = XCBuildConfiguration;
			buildSettings = {
				ASSETCATALOG_COMPILER_APPICON_NAME = AppIcon;
				INFOPLIST_FILE = StretchMyHeader/Info.plist;
				LD_RUNPATH_SEARCH_PATHS = "$(inherited) @executable_path/Frameworks";
				PRODUCT_NAME = "$(TARGET_NAME)";
			};
			name = Release;
		};
		F681A9EE1B2769BC0053127A /* Debug */ = {
			isa = XCBuildConfiguration;
			buildSettings = {
				BUNDLE_LOADER = "$(TEST_HOST)";
				FRAMEWORK_SEARCH_PATHS = (
					"$(SDKROOT)/Developer/Library/Frameworks",
					"$(inherited)",
				);
				GCC_PREPROCESSOR_DEFINITIONS = (
					"DEBUG=1",
					"$(inherited)",
				);
				INFOPLIST_FILE = StretchMyHeaderTests/Info.plist;
				LD_RUNPATH_SEARCH_PATHS = "$(inherited) @executable_path/Frameworks @loader_path/Frameworks";
				PRODUCT_NAME = "$(TARGET_NAME)";
				TEST_HOST = "$(BUILT_PRODUCTS_DIR)/StretchMyHeader.app/StretchMyHeader";
			};
			name = Debug;
		};
		F681A9EF1B2769BC0053127A /* Release */ = {
			isa = XCBuildConfiguration;
			buildSettings = {
				BUNDLE_LOADER = "$(TEST_HOST)";
				FRAMEWORK_SEARCH_PATHS = (
					"$(SDKROOT)/Developer/Library/Frameworks",
					"$(inherited)",
				);
				INFOPLIST_FILE = StretchMyHeaderTests/Info.plist;
				LD_RUNPATH_SEARCH_PATHS = "$(inherited) @executable_path/Frameworks @loader_path/Frameworks";
				PRODUCT_NAME = "$(TARGET_NAME)";
				TEST_HOST = "$(BUILT_PRODUCTS_DIR)/StretchMyHeader.app/StretchMyHeader";
			};
			name = Release;
		};
/* End XCBuildConfiguration section */

/* Begin XCConfigurationList section */
		F681A9BF1B2769BB0053127A /* Build configuration list for PBXProject "StretchMyHeader" */ = {
			isa = XCConfigurationList;
			buildConfigurations = (
				F681A9E81B2769BC0053127A /* Debug */,
				F681A9E91B2769BC0053127A /* Release */,
			);
			defaultConfigurationIsVisible = 0;
			defaultConfigurationName = Release;
		};
		F681A9EA1B2769BC0053127A /* Build configuration list for PBXNativeTarget "StretchMyHeader" */ = {
			isa = XCConfigurationList;
			buildConfigurations = (
				F681A9EB1B2769BC0053127A /* Debug */,
				F681A9EC1B2769BC0053127A /* Release */,
			);
			defaultConfigurationIsVisible = 0;
			defaultConfigurationName = Release;
		};
		F681A9ED1B2769BC0053127A /* Build configuration list for PBXNativeTarget "StretchMyHeaderTests" */ = {
			isa = XCConfigurationList;
			buildConfigurations = (
				F681A9EE1B2769BC0053127A /* Debug */,
				F681A9EF1B2769BC0053127A /* Release */,
			);
			defaultConfigurationIsVisible = 0;
			defaultConfigurationName = Release;
		};
/* End XCConfigurationList section */
	};
	rootObject = F681A9BC1B2769BB0053127A /* Project object */;
}
